
Microsoft Visual Studio Solution File, Format Version 12.00
# Visual Studio Version 16
VisualStudioVersion = 16.0.31515.178
MinimumVisualStudioVersion = 10.0.40219.1
Project("{FAE04EC0-301F-11D3-BF4B-00C04F79EFBC}") = "CalculadoraASP", "CalculadoraASP\CalculadoraASP.csproj", "{D47F6B03-175D-4B42-ACD5-C0F5C5CB85D5}"
EndProject
Global
	GlobalSection(SolutionConfigurationPlatforms) = preSolution
		Debug|Any CPU = Debug|Any CPU
		Release|Any CPU = Release|Any CPU
	EndGlobalSection
	GlobalSection(ProjectConfigurationPlatforms) = postSolution
		{D47F6B03-175D-4B42-ACD5-C0F5C5CB85D5}.Debug|Any CPU.ActiveCfg = Debug|Any CPU
		{D47F6B03-175D-4B42-ACD5-C0F5C5CB85D5}.Debug|Any CPU.Build.0 = Debug|Any CPU
		{D47F6B03-175D-4B42-ACD5-C0F5C5CB85D5}.Release|Any CPU.ActiveCfg = Release|Any CPU
		{D47F6B03-175D-4B42-ACD5-C0F5C5CB85D5}.Release|Any CPU.Build.0 = Release|Any CPU
	EndGlobalSection
	GlobalSection(SolutionProperties) = preSolution
		HideSolutionNode = FALSE
	EndGlobalSection
	GlobalSection(ExtensibilityGlobals) = postSolution
		SolutionGuid = {C3173A36-EFB6-4D3F-B01D-64218E01D0B7}
	EndGlobalSection
EndGlobal
